{
  "name": "savecmd",
  "version": "0.0.1",
  "lockfileVersion": 3,
  "requires": true,
  "packages": {
    "": {
      "name": "savecmd",
      "version": "0.0.1",
      "dependencies": {
        "copy-paste": "^1.5.3"
      },
      "devDependencies": {
        "@types/node": "20.x",
        "@types/vscode": "^1.96.0",
        "typescript": "^5.7.2"
      },
      "engines": {
        "vscode": "^1.96.0"
      }
    },
    "node_modules/@types/node": {
      "version": "20.17.28",
      "resolved": "https://registry.npmjs.org/@types/node/-/node-20.17.28.tgz",
      "integrity": "sha512-DHlH/fNL6Mho38jTy7/JT7sn2wnXI+wULR6PV4gy4VHLVvnrV/d3pHAMQHhc4gjdLmK2ZiPoMxzp6B3yRajLSQ==",
      "dev": true,
      "license": "MIT",
      "dependencies": {
        "undici-types": "~6.19.2"
      }
    },
    "node_modules/@types/vscode": {
      "version": "1.98.0",
      "resolved": "https://registry.npmjs.org/@types/vscode/-/vscode-1.98.0.tgz",
      "integrity": "sha512-+KuiWhpbKBaG2egF+51KjbGWatTH5BbmWQjSLMDCssb4xF8FJnW4nGH4nuAdOOfMbpD0QlHtI+C3tPq+DoKElg==",
      "dev": true,
      "license": "MIT"
    },
    "node_modules/copy-paste": {
      "version": "1.5.3",
      "resolved": "https://registry.npmjs.org/copy-paste/-/copy-paste-1.5.3.tgz",
      "integrity": "sha512-qOnFo+8l8vemGmdcoCiD7gPTefkXEg2rivYE+EBtuKOj754eFivkGhGAM9e/xqShrpuVE11evSxGnHwVAUK1Iw==",
      "dependencies": {
        "iconv-lite": "^0.4.8"
      }
    },
    "node_modules/iconv-lite": {
      "version": "0.4.24",
      "resolved": "https://registry.npmjs.org/iconv-lite/-/iconv-lite-0.4.24.tgz",
      "integrity": "sha512-v3MXnZAcvnywkTUEZomIActle7RXXeedOR31wwl7VlyoXO4Qi9arvSenNQWne1TcRwhCL1HwLI21bEqdpj8/rA==",
      "license": "MIT",
      "dependencies": {
        "safer-buffer": ">= 2.1.2 < 3"
      },
      "engines": {
        "node": ">=0.10.0"
      }
    },
    "node_modules/safer-buffer": {
      "version": "2.1.2",
      "resolved": "https://registry.npmjs.org/safer-buffer/-/safer-buffer-2.1.2.tgz",
      "integrity": "sha512-YZo3K82SD7Riyi0E1EQPojLz7kpepnSQI9IyPbHHg1XXXevb5dJI7tpyN2ADxGcQbHG7vcyRHk0cbwqcQriUtg==",
      "license": "MIT"
    },
    "node_modules/typescript": {
      "version": "5.8.2",
      "resolved": "https://registry.npmjs.org/typescript/-/typescript-5.8.2.tgz",
      "integrity": "sha512-aJn6wq13/afZp/jT9QZmwEjDqqvSGp1VT5GVg+f/t6/oVyrgXM6BY1h9BRh/O5p3PlUPAe+WuiEZOmb/49RqoQ==",
      "dev": true,
      "license": "Apache-2.0",
      "bin": {
        "tsc": "bin/tsc",
        "tsserver": "bin/tsserver"
      },
      "engines": {
        "node": ">=14.17"
      }
    },
    "node_modules/undici-types": {
      "version": "6.19.8",
      "resolved": "https://registry.npmjs.org/undici-types/-/undici-types-6.19.8.tgz",
      "integrity": "sha512-ve2KP6f/JnbPBFyobGHuerC9g1FYGn/F8n1LWTwNxCEzd6IfqTwUQcNXgEtmmQ6DlRrC1hrSrBnCZPokRrDHjw==",
      "dev": true,
      "license": "MIT"
    }
  }
}
